
Microsoft Visual Studio Solution File, Format Version 12.00
# Visual Studio Version 18
VisualStudioVersion = 18.6.11819.183 stable
MinimumVisualStudioVersion = 10.0.40219.1
Project("{FAE04EC0-301F-11D3-BF4B-00C04F79EFBC}") = "OPDClinic", "OPDClinic.csproj", "{A382F2A8-53D9-4D2B-3834-113BD401D208}"
EndProject
Global
	GlobalSection(SolutionConfigurationPlatforms) = preSolution
		Debug|Any CPU = Debug|Any CPU
		Release|Any CPU = Release|Any CPU
	EndGlobalSection
	GlobalSection(ProjectConfigurationPlatforms) = postSolution
		{A382F2A8-53D9-4D2B-3834-113BD401D208}.Debug|Any CPU.ActiveCfg = Debug|Any CPU
		{A382F2A8-53D9-4D2B-3834-113BD401D208}.Debug|Any CPU.Build.0 = Debug|Any CPU
		{A382F2A8-53D9-4D2B-3834-113BD401D208}.Release|Any CPU.ActiveCfg = Release|Any CPU
		{A382F2A8-53D9-4D2B-3834-113BD401D208}.Release|Any CPU.Build.0 = Release|Any CPU
	EndGlobalSection
	GlobalSection(SolutionProperties) = preSolution
		HideSolutionNode = FALSE
	EndGlobalSection
	GlobalSection(ExtensibilityGlobals) = postSolution
		SolutionGuid = {E29F3D80-81AB-4365-B99A-DFCB1B563D71}
	EndGlobalSection
EndGlobal
